
Microsoft Visual Studio Solution File, Format Version 12.00
# Visual Studio Version 17
VisualStudioVersion = 17.1.32328.378
MinimumVisualStudioVersion = 10.0.40219.1
Project("{FAE04EC0-301F-11D3-BF4B-00C04F79EFBC}") = "OOP-Tesa", "OOP-Tesa\OOP-Tesa.csproj", "{3E55B520-B38C-4DF6-AB80-19668EBF44EC}"
EndProject
Global
	GlobalSection(SolutionConfigurationPlatforms) = preSolution
		Debug|Any CPU = Debug|Any CPU
		Release|Any CPU = Release|Any CPU
	EndGlobalSection
	GlobalSection(ProjectConfigurationPlatforms) = postSolution
		{3E55B520-B38C-4DF6-AB80-19668EBF44EC}.Debug|Any CPU.ActiveCfg = Debug|Any CPU
		{3E55B520-B38C-4DF6-AB80-19668EBF44EC}.Debug|Any CPU.Build.0 = Debug|Any CPU
		{3E55B520-B38C-4DF6-AB80-19668EBF44EC}.Release|Any CPU.ActiveCfg = Release|Any CPU
		{3E55B520-B38C-4DF6-AB80-19668EBF44EC}.Release|Any CPU.Build.0 = Release|Any CPU
	EndGlobalSection
	GlobalSection(SolutionProperties) = preSolution
		HideSolutionNode = FALSE
	EndGlobalSection
	GlobalSection(ExtensibilityGlobals) = postSolution
		SolutionGuid = {A7395055-27E4-4DE1-9ABA-2E9CC44AB78D}
	EndGlobalSection
EndGlobal
