
Microsoft Visual Studio Solution File, Format Version 12.00
# Visual Studio Version 16
VisualStudioVersion = 16.0.32126.315
MinimumVisualStudioVersion = 10.0.40219.1
Project("{FAE04EC0-301F-11D3-BF4B-00C04F79EFBC}") = "03.05.22 - PBO 1", "03.05.22 - PBO 1\03.05.22 - PBO 1.csproj", "{7C833EF2-579D-4F15-AB0B-2E3C83561E59}"
EndProject
Global
	GlobalSection(SolutionConfigurationPlatforms) = preSolution
		Debug|Any CPU = Debug|Any CPU
		Release|Any CPU = Release|Any CPU
	EndGlobalSection
	GlobalSection(ProjectConfigurationPlatforms) = postSolution
		{7C833EF2-579D-4F15-AB0B-2E3C83561E59}.Debug|Any CPU.ActiveCfg = Debug|Any CPU
		{7C833EF2-579D-4F15-AB0B-2E3C83561E59}.Debug|Any CPU.Build.0 = Debug|Any CPU
		{7C833EF2-579D-4F15-AB0B-2E3C83561E59}.Release|Any CPU.ActiveCfg = Release|Any CPU
		{7C833EF2-579D-4F15-AB0B-2E3C83561E59}.Release|Any CPU.Build.0 = Release|Any CPU
	EndGlobalSection
	GlobalSection(SolutionProperties) = preSolution
		HideSolutionNode = FALSE
	EndGlobalSection
	GlobalSection(ExtensibilityGlobals) = postSolution
		SolutionGuid = {1FE1B0E9-B317-4D75-BBB0-7A3F27779FC5}
	EndGlobalSection
EndGlobal
