
Microsoft Visual Studio Solution File, Format Version 12.00
# Visual Studio Version 17
VisualStudioVersion = 17.1.32328.378
MinimumVisualStudioVersion = 10.0.40219.1
Project("{FAE04EC0-301F-11D3-BF4B-00C04F79EFBC}") = "Belajar OOP-Eps 2", "Belajar OOP-Eps 2\Belajar OOP-Eps 2.csproj", "{8DA44FF5-29EA-4D98-9237-3FBF9A4F1115}"
EndProject
Global
	GlobalSection(SolutionConfigurationPlatforms) = preSolution
		Debug|Any CPU = Debug|Any CPU
		Release|Any CPU = Release|Any CPU
	EndGlobalSection
	GlobalSection(ProjectConfigurationPlatforms) = postSolution
		{8DA44FF5-29EA-4D98-9237-3FBF9A4F1115}.Debug|Any CPU.ActiveCfg = Debug|Any CPU
		{8DA44FF5-29EA-4D98-9237-3FBF9A4F1115}.Debug|Any CPU.Build.0 = Debug|Any CPU
		{8DA44FF5-29EA-4D98-9237-3FBF9A4F1115}.Release|Any CPU.ActiveCfg = Release|Any CPU
		{8DA44FF5-29EA-4D98-9237-3FBF9A4F1115}.Release|Any CPU.Build.0 = Release|Any CPU
	EndGlobalSection
	GlobalSection(SolutionProperties) = preSolution
		HideSolutionNode = FALSE
	EndGlobalSection
	GlobalSection(ExtensibilityGlobals) = postSolution
		SolutionGuid = {2C13E7EB-DE66-42F0-880C-8C66FB996A2F}
	EndGlobalSection
EndGlobal
