
Microsoft Visual Studio Solution File, Format Version 12.00
# Visual Studio Version 16
VisualStudioVersion = 16.0.32228.343
MinimumVisualStudioVersion = 10.0.40219.1
Project("{FAE04EC0-301F-11D3-BF4B-00C04F79EFBC}") = "3.28.22 - OOP(using base) 2", "3.28.22 - OOP(using base) 2\3.28.22 - OOP(using base) 2.csproj", "{F7838E5A-7747-409D-984F-2FE905ADE654}"
EndProject
Global
	GlobalSection(SolutionConfigurationPlatforms) = preSolution
		Debug|Any CPU = Debug|Any CPU
		Release|Any CPU = Release|Any CPU
	EndGlobalSection
	GlobalSection(ProjectConfigurationPlatforms) = postSolution
		{F7838E5A-7747-409D-984F-2FE905ADE654}.Debug|Any CPU.ActiveCfg = Debug|Any CPU
		{F7838E5A-7747-409D-984F-2FE905ADE654}.Debug|Any CPU.Build.0 = Debug|Any CPU
		{F7838E5A-7747-409D-984F-2FE905ADE654}.Release|Any CPU.ActiveCfg = Release|Any CPU
		{F7838E5A-7747-409D-984F-2FE905ADE654}.Release|Any CPU.Build.0 = Release|Any CPU
	EndGlobalSection
	GlobalSection(SolutionProperties) = preSolution
		HideSolutionNode = FALSE
	EndGlobalSection
	GlobalSection(ExtensibilityGlobals) = postSolution
		SolutionGuid = {F48F4395-F206-41C2-BAFA-8A888BE609D8}
	EndGlobalSection
EndGlobal
